certifi==2024.8.30
charset-normalizer==3.3.2
coinbase-advanced-py==0.2.0
exceptiongroup==1.2.2
flask==3.0.3
idna==3.10
iniconfig==2.0.0
itsdangerous==2.2.0
jinja2==3.1.4
markupsafe==2.1.5
numpy==1.26.4
pandas==2.1.4
pluggy==1.5.0
pydantic==2.9.2
pydantic-core==2.23.4
pytest==8.3.3
python-dateutil==2.9.0.post0
python-dotenv==1.0.1
pytz==2024.2
requests==2.32.3
six==1.16.0
ta==0.10.2
tomli==2.0.2
typing-extensions==4.12.2
tzdata==2024.2
urllib3==2.2.3
websockets==13.1
werkzeug==3.0.4
